
Microsoft Visual Studio Solution File, Format Version 12.00
# Visual Studio Version 16
VisualStudioVersion = 16.0.29318.209
MinimumVisualStudioVersion = 10.0.40219.1
Project("{9A19103F-16F7-4668-BE54-9A1E7A4F7556}") = "EraTohoCv", "EraTohoCv\EraTohoCv.csproj", "{7536A43A-7A87-4105-800D-7C03461D703C}"
EndProject
Project("{9A19103F-16F7-4668-BE54-9A1E7A4F7556}") = "ObjectSaver", "ObjectSaver\ObjectSaver.csproj", "{4794C0BF-EC40-4C9A-AAEC-D278DD81419E}"
EndProject
Project("{9A19103F-16F7-4668-BE54-9A1E7A4F7556}") = "RichConsole", "RichConsole\RichConsole.csproj", "{D61019AD-9660-40FC-A5BA-748BF13ECEA2}"
EndProject
Global
	GlobalSection(SolutionConfigurationPlatforms) = preSolution
		Debug|Any CPU = Debug|Any CPU
		Release|Any CPU = Release|Any CPU
	EndGlobalSection
	GlobalSection(ProjectConfigurationPlatforms) = postSolution
		{7536A43A-7A87-4105-800D-7C03461D703C}.Debug|Any CPU.ActiveCfg = Debug|Any CPU
		{7536A43A-7A87-4105-800D-7C03461D703C}.Debug|Any CPU.Build.0 = Debug|Any CPU
		{7536A43A-7A87-4105-800D-7C03461D703C}.Release|Any CPU.ActiveCfg = Release|Any CPU
		{7536A43A-7A87-4105-800D-7C03461D703C}.Release|Any CPU.Build.0 = Release|Any CPU
		{4794C0BF-EC40-4C9A-AAEC-D278DD81419E}.Debug|Any CPU.ActiveCfg = Debug|Any CPU
		{4794C0BF-EC40-4C9A-AAEC-D278DD81419E}.Debug|Any CPU.Build.0 = Debug|Any CPU
		{4794C0BF-EC40-4C9A-AAEC-D278DD81419E}.Release|Any CPU.ActiveCfg = Release|Any CPU
		{4794C0BF-EC40-4C9A-AAEC-D278DD81419E}.Release|Any CPU.Build.0 = Release|Any CPU
		{D61019AD-9660-40FC-A5BA-748BF13ECEA2}.Debug|Any CPU.ActiveCfg = Debug|Any CPU
		{D61019AD-9660-40FC-A5BA-748BF13ECEA2}.Debug|Any CPU.Build.0 = Debug|Any CPU
		{D61019AD-9660-40FC-A5BA-748BF13ECEA2}.Release|Any CPU.ActiveCfg = Release|Any CPU
		{D61019AD-9660-40FC-A5BA-748BF13ECEA2}.Release|Any CPU.Build.0 = Release|Any CPU
	EndGlobalSection
	GlobalSection(SolutionProperties) = preSolution
		HideSolutionNode = FALSE
	EndGlobalSection
	GlobalSection(ExtensibilityGlobals) = postSolution
		SolutionGuid = {BF9696CD-8432-48BD-8BE2-50AA22B7F943}
	EndGlobalSection
EndGlobal
